
Microsoft Visual Studio Solution File, Format Version 12.00
# Visual Studio 2012
Project("{FAE04EC0-301F-11D3-BF4B-00C04F79EFBC}") = "ApsvietimoSistema", "ApsvietimoSistema\ApsvietimoSistema.csproj", "{AAD64221-DD05-4207-8B43-B4745D6147A1}"
EndProject
Project("{00D1A9C2-B5F0-4AF3-8072-F6C62B433612}") = "Database1", "Database1\Database1.sqlproj", "{FAB2CA9B-8B41-4845-B833-0A7187B1D93A}"
EndProject
Global
	GlobalSection(SolutionConfigurationPlatforms) = preSolution
		Debug|Any CPU = Debug|Any CPU
		Release|Any CPU = Release|Any CPU
	EndGlobalSection
	GlobalSection(ProjectConfigurationPlatforms) = postSolution
		{AAD64221-DD05-4207-8B43-B4745D6147A1}.Debug|Any CPU.ActiveCfg = Debug|Any CPU
		{AAD64221-DD05-4207-8B43-B4745D6147A1}.Debug|Any CPU.Build.0 = Debug|Any CPU
		{AAD64221-DD05-4207-8B43-B4745D6147A1}.Release|Any CPU.ActiveCfg = Release|Any CPU
		{AAD64221-DD05-4207-8B43-B4745D6147A1}.Release|Any CPU.Build.0 = Release|Any CPU
		{FAB2CA9B-8B41-4845-B833-0A7187B1D93A}.Debug|Any CPU.ActiveCfg = Debug|Any CPU
		{FAB2CA9B-8B41-4845-B833-0A7187B1D93A}.Debug|Any CPU.Build.0 = Debug|Any CPU
		{FAB2CA9B-8B41-4845-B833-0A7187B1D93A}.Debug|Any CPU.Deploy.0 = Debug|Any CPU
		{FAB2CA9B-8B41-4845-B833-0A7187B1D93A}.Release|Any CPU.ActiveCfg = Release|Any CPU
		{FAB2CA9B-8B41-4845-B833-0A7187B1D93A}.Release|Any CPU.Build.0 = Release|Any CPU
		{FAB2CA9B-8B41-4845-B833-0A7187B1D93A}.Release|Any CPU.Deploy.0 = Release|Any CPU
	EndGlobalSection
	GlobalSection(SolutionProperties) = preSolution
		HideSolutionNode = FALSE
	EndGlobalSection
EndGlobal
